{
    "_readme": [
        "This file locks the dependencies of your project to a known state",
        "Read more about it at https://getcomposer.org/doc/01-basic-usage.md#composer-lock-the-lock-file",
        "This file is @generated automatically"
    ],
    "content-hash": "053ef374cf99f897b02b1febae7873c9",
    "packages": [
        {
            "name": "novosga/core",
            "version": "v2.0.2",
            "source": {
                "type": "git",
                "url": "https://github.com/novosga/core.git",
                "reference": "3e7a0ef572cf093c8dc9ea121e90a4e7bbe582d6"
            },
            "dist": {
                "type": "zip",
                "url": "https://api.github.com/repos/novosga/core/zipball/3e7a0ef572cf093c8dc9ea121e90a4e7bbe582d6",
                "reference": "3e7a0ef572cf093c8dc9ea121e90a4e7bbe582d6",
                "shasum": ""
            },
            "require": {
                "php": "^7.1.3"
            },
            "type": "library",
            "extra": {
                "branch-alias": {
                    "dev-master": "2.0-dev"
                }
            },
            "autoload": {
                "psr-4": {
                    "Novosga\\": ""
                }
            },
            "notification-url": "https://packagist.org/downloads/",
            "license": [
                "MIT"
            ],
            "time": "2019-04-01T14:42:27+00:00"
        }
    ],
    "packages-dev": [],
    "aliases": [],
    "minimum-stability": "stable",
    "stability-flags": [],
    "prefer-stable": false,
    "prefer-lowest": false,
    "platform": {
        "php": "^7.1.3"
    },
    "platform-dev": []
}
